
Microsoft Visual Studio Solution File, Format Version 12.00
# Visual Studio Version 17
VisualStudioVersion = 17.0.31903.59
MinimumVisualStudioVersion = 10.0.40219.1
Project("{9A19103F-16F7-4668-BE54-9A1E7A4F7556}") = "PasswordManager.Web", "PasswordManager.Web\PasswordManager.Web.csproj", "{A38B28D4-9ADB-4DAD-AC13-336DE2839EB0}"
EndProject
Project("{9A19103F-16F7-4668-BE54-9A1E7A4F7556}") = "PasswordManager.Services", "PasswordManager.Services\PasswordManager.Services.csproj", "{A0B17950-AD01-4FE1-AD3A-2819F178F20D}"
EndProject
Project("{9A19103F-16F7-4668-BE54-9A1E7A4F7556}") = "PasswordManager.Data", "PasswordManager.Data\PasswordManager.Data.csproj", "{B5C06C91-B27E-4B49-B7F7-123AAE3AD609}"
EndProject
Project("{9A19103F-16F7-4668-BE54-9A1E7A4F7556}") = "PasswordManager.Test", "PasswordManager.Test\PasswordManager.Test.csproj", "{6FD0E6AC-C059-4B57-8D68-2D5FFA701D7E}"
EndProject
Project("{E53339B2-1760-4266-BCC7-CA923CBCF16C}") = "docker-compose", "docker-compose.dcproj", "{BB6EA057-5D71-4DCD-907D-B07B840F1E55}"
EndProject
Project("{54A90642-561A-4BB1-A94E-469ADEE60C69}") = "PasswordManager.Client", "PasswordManager.Client\PasswordManager.Client.esproj", "{29208682-96E3-42A1-803E-2E92B5CC349B}"
EndProject
Global
	GlobalSection(SolutionConfigurationPlatforms) = preSolution
		Debug|Any CPU = Debug|Any CPU
		Release|Any CPU = Release|Any CPU
	EndGlobalSection
	GlobalSection(ProjectConfigurationPlatforms) = postSolution
		{A38B28D4-9ADB-4DAD-AC13-336DE2839EB0}.Debug|Any CPU.ActiveCfg = Debug|Any CPU
		{A38B28D4-9ADB-4DAD-AC13-336DE2839EB0}.Debug|Any CPU.Build.0 = Debug|Any CPU
		{A38B28D4-9ADB-4DAD-AC13-336DE2839EB0}.Release|Any CPU.ActiveCfg = Release|Any CPU
		{A38B28D4-9ADB-4DAD-AC13-336DE2839EB0}.Release|Any CPU.Build.0 = Release|Any CPU
		{A0B17950-AD01-4FE1-AD3A-2819F178F20D}.Debug|Any CPU.ActiveCfg = Debug|Any CPU
		{A0B17950-AD01-4FE1-AD3A-2819F178F20D}.Debug|Any CPU.Build.0 = Debug|Any CPU
		{A0B17950-AD01-4FE1-AD3A-2819F178F20D}.Release|Any CPU.ActiveCfg = Release|Any CPU
		{A0B17950-AD01-4FE1-AD3A-2819F178F20D}.Release|Any CPU.Build.0 = Release|Any CPU
		{B5C06C91-B27E-4B49-B7F7-123AAE3AD609}.Debug|Any CPU.ActiveCfg = Debug|Any CPU
		{B5C06C91-B27E-4B49-B7F7-123AAE3AD609}.Debug|Any CPU.Build.0 = Debug|Any CPU
		{B5C06C91-B27E-4B49-B7F7-123AAE3AD609}.Release|Any CPU.ActiveCfg = Release|Any CPU
		{B5C06C91-B27E-4B49-B7F7-123AAE3AD609}.Release|Any CPU.Build.0 = Release|Any CPU
		{6FD0E6AC-C059-4B57-8D68-2D5FFA701D7E}.Debug|Any CPU.ActiveCfg = Debug|Any CPU
		{6FD0E6AC-C059-4B57-8D68-2D5FFA701D7E}.Debug|Any CPU.Build.0 = Debug|Any CPU
		{6FD0E6AC-C059-4B57-8D68-2D5FFA701D7E}.Release|Any CPU.ActiveCfg = Release|Any CPU
		{6FD0E6AC-C059-4B57-8D68-2D5FFA701D7E}.Release|Any CPU.Build.0 = Release|Any CPU
		{BB6EA057-5D71-4DCD-907D-B07B840F1E55}.Debug|Any CPU.ActiveCfg = Debug|Any CPU
		{BB6EA057-5D71-4DCD-907D-B07B840F1E55}.Debug|Any CPU.Build.0 = Debug|Any CPU
		{BB6EA057-5D71-4DCD-907D-B07B840F1E55}.Release|Any CPU.ActiveCfg = Release|Any CPU
		{BB6EA057-5D71-4DCD-907D-B07B840F1E55}.Release|Any CPU.Build.0 = Release|Any CPU
		{29208682-96E3-42A1-803E-2E92B5CC349B}.Debug|Any CPU.ActiveCfg = Debug|Any CPU
		{29208682-96E3-42A1-803E-2E92B5CC349B}.Debug|Any CPU.Build.0 = Debug|Any CPU
		{29208682-96E3-42A1-803E-2E92B5CC349B}.Debug|Any CPU.Deploy.0 = Debug|Any CPU
		{29208682-96E3-42A1-803E-2E92B5CC349B}.Release|Any CPU.ActiveCfg = Release|Any CPU
		{29208682-96E3-42A1-803E-2E92B5CC349B}.Release|Any CPU.Build.0 = Release|Any CPU
		{29208682-96E3-42A1-803E-2E92B5CC349B}.Release|Any CPU.Deploy.0 = Release|Any CPU
	EndGlobalSection
	GlobalSection(SolutionProperties) = preSolution
		HideSolutionNode = FALSE
	EndGlobalSection
	GlobalSection(ExtensibilityGlobals) = postSolution
		SolutionGuid = {6BA8EFED-77EC-46DF-B032-ADAC7024EA17}
	EndGlobalSection
EndGlobal
